
Microsoft Visual Studio Solution File, Format Version 12.00
# Visual Studio Version 16
VisualStudioVersion = 16.0.32630.194
MinimumVisualStudioVersion = 10.0.40219.1
Project("{FAE04EC0-301F-11D3-BF4B-00C04F79EFBC}") = "Exercise 3", "Exercise 3\Exercise 3.csproj", "{FBAE3577-9588-49E4-966A-C50BC1B0CB6A}"
EndProject
Global
	GlobalSection(SolutionConfigurationPlatforms) = preSolution
		Debug|Any CPU = Debug|Any CPU
		Release|Any CPU = Release|Any CPU
	EndGlobalSection
	GlobalSection(ProjectConfigurationPlatforms) = postSolution
		{FBAE3577-9588-49E4-966A-C50BC1B0CB6A}.Debug|Any CPU.ActiveCfg = Debug|Any CPU
		{FBAE3577-9588-49E4-966A-C50BC1B0CB6A}.Debug|Any CPU.Build.0 = Debug|Any CPU
		{FBAE3577-9588-49E4-966A-C50BC1B0CB6A}.Release|Any CPU.ActiveCfg = Release|Any CPU
		{FBAE3577-9588-49E4-966A-C50BC1B0CB6A}.Release|Any CPU.Build.0 = Release|Any CPU
	EndGlobalSection
	GlobalSection(SolutionProperties) = preSolution
		HideSolutionNode = FALSE
	EndGlobalSection
	GlobalSection(ExtensibilityGlobals) = postSolution
		SolutionGuid = {45182FC1-926D-41B7-8322-300DCDA618F1}
	EndGlobalSection
EndGlobal
