
Microsoft Visual Studio Solution File, Format Version 12.00
# Visual Studio Version 16
VisualStudioVersion = 16.0.32630.194
MinimumVisualStudioVersion = 10.0.40219.1
Project("{FAE04EC0-301F-11D3-BF4B-00C04F79EFBC}") = "exercise 1", "exercise 1.csproj", "{A70433C5-5281-41FB-95F7-414EC6FAFFC0}"
EndProject
Project("{2150E333-8FDC-42A3-9474-1A3956D46DE8}") = "Solution Items", "Solution Items", "{C63C6A98-72D1-45D5-A29D-E99702E2E194}"
	ProjectSection(SolutionItems) = preProject
		.editorconfig = .editorconfig
	EndProjectSection
EndProject
Global
	GlobalSection(SolutionConfigurationPlatforms) = preSolution
		Debug|Any CPU = Debug|Any CPU
		Release|Any CPU = Release|Any CPU
	EndGlobalSection
	GlobalSection(ProjectConfigurationPlatforms) = postSolution
		{A70433C5-5281-41FB-95F7-414EC6FAFFC0}.Debug|Any CPU.ActiveCfg = Debug|Any CPU
		{A70433C5-5281-41FB-95F7-414EC6FAFFC0}.Debug|Any CPU.Build.0 = Debug|Any CPU
		{A70433C5-5281-41FB-95F7-414EC6FAFFC0}.Release|Any CPU.ActiveCfg = Release|Any CPU
		{A70433C5-5281-41FB-95F7-414EC6FAFFC0}.Release|Any CPU.Build.0 = Release|Any CPU
	EndGlobalSection
	GlobalSection(SolutionProperties) = preSolution
		HideSolutionNode = FALSE
	EndGlobalSection
	GlobalSection(ExtensibilityGlobals) = postSolution
		SolutionGuid = {4485ACA6-393E-41A0-901D-3559941AD811}
	EndGlobalSection
EndGlobal
